
Microsoft Visual Studio Solution File, Format Version 12.00
# Visual Studio Version 16
VisualStudioVersion = 16.0.30717.126
MinimumVisualStudioVersion = 10.0.40219.1
Project("{FAE04EC0-301F-11D3-BF4B-00C04F79EFBC}") = "WebApplication", "WebApplication\WebApplication.csproj", "{B6FF637A-BBB0-4F12-B86E-89756EDFFECD}"
EndProject
Global
	GlobalSection(SolutionConfigurationPlatforms) = preSolution
		Debug|Any CPU = Debug|Any CPU
		Release|Any CPU = Release|Any CPU
	EndGlobalSection
	GlobalSection(ProjectConfigurationPlatforms) = postSolution
		{B6FF637A-BBB0-4F12-B86E-89756EDFFECD}.Debug|Any CPU.ActiveCfg = Debug|Any CPU
		{B6FF637A-BBB0-4F12-B86E-89756EDFFECD}.Debug|Any CPU.Build.0 = Debug|Any CPU
		{B6FF637A-BBB0-4F12-B86E-89756EDFFECD}.Release|Any CPU.ActiveCfg = Release|Any CPU
		{B6FF637A-BBB0-4F12-B86E-89756EDFFECD}.Release|Any CPU.Build.0 = Release|Any CPU
	EndGlobalSection
	GlobalSection(SolutionProperties) = preSolution
		HideSolutionNode = FALSE
	EndGlobalSection
	GlobalSection(ExtensibilityGlobals) = postSolution
		SolutionGuid = {B63D61A1-9CBC-4B21-BB3E-A8A15BB5D9E8}
	EndGlobalSection
EndGlobal
